# THIS IS AN AUTOGENERATED FILE. DO NOT EDIT THIS FILE DIRECTLY.
# yarn lockfile v1


"@types/body-parser@0.0.33":
  version "0.0.33"
  resolved "https://registry.yarnpkg.com/@types/body-parser/-/body-parser-0.0.33.tgz#33ca1498fc37e51c5df0c81cae34569e7041e025"
  dependencies:
    "@types/express" "*"

"@types/express-serve-static-core@*":
  version "4.0.44"
  resolved "https://registry.yarnpkg.com/@types/express-serve-static-core/-/express-serve-static-core-4.0.44.tgz#a1c3bd5d80e93c72fba91a03f5412c47f21d4ae7"
  dependencies:
    "@types/node" "*"

"@types/express@*", "@types/express@^4.0.34":
  version "4.0.35"
  resolved "https://registry.yarnpkg.com/@types/express/-/express-4.0.35.tgz#6267c7b60a51fac473467b3c4a02cd1e441805fe"
  dependencies:
    "@types/express-serve-static-core" "*"
    "@types/serve-static" "*"

"@types/mime@*":
  version "0.0.29"
  resolved "https://registry.yarnpkg.com/@types/mime/-/mime-0.0.29.tgz#fbcfd330573b912ef59eeee14602bface630754b"

"@types/node@*", "@types/node@0.0.2":
  version "0.0.2"
  resolved "https://registry.yarnpkg.com/@types/node/-/node-0.0.2.tgz#0da4934902fbf68a97a0f53204a35ad2224917bc"

"@types/serve-static@*":
  version "1.7.31"
  resolved "https://registry.yarnpkg.com/@types/serve-static/-/serve-static-1.7.31.tgz#15456de8d98d6b4cff31be6c6af7492ae63f521a"
  dependencies:
    "@types/express-serve-static-core" "*"
    "@types/mime" "*"

"@types/uuid@^2.0.29":
  version "2.0.29"
  resolved "https://registry.yarnpkg.com/@types/uuid/-/uuid-2.0.29.tgz#939a198ab73567f811ab84f670d2be9c25addd41"
  dependencies:
    "@types/node" "*"

bluebird@^2.10.2:
  version "2.11.0"
  resolved "https://registry.yarnpkg.com/bluebird/-/bluebird-2.11.0.tgz#534b9033c022c9579c56ba3b3e5a5caafbb650e1"

lodash.isplainobject@^4.0.6:
  version "4.0.6"
  resolved "https://registry.yarnpkg.com/lodash.isplainobject/-/lodash.isplainobject-4.0.6.tgz#7c526a52d89b45c45cc690b88163be0497f550cb"

object-assign@^4.1.0:
  version "4.1.1"
  resolved "https://registry.yarnpkg.com/object-assign/-/object-assign-4.1.1.tgz#2109adc7965887cfc05cbbd442cac8bfbb360863"

qs@~6.0.4:
  version "6.0.4"
  resolved "https://registry.yarnpkg.com/qs/-/qs-6.0.4.tgz#51019d84720c939b82737e84556a782338ecea7b"

stripe@^4.12.0:
  version "4.19.0"
  resolved "https://registry.yarnpkg.com/stripe/-/stripe-4.19.0.tgz#11e496c0f2600487911ac641aefff7f6acfd2ea6"
  dependencies:
    bluebird "^2.10.2"
    lodash.isplainobject "^4.0.6"
    object-assign "^4.1.0"
    qs "~6.0.4"

uuid@^3.0.1:
  version "3.0.1"
  resolved "https://registry.yarnpkg.com/uuid/-/uuid-3.0.1.tgz#6544bba2dfda8c1cf17e629a3a305e2bb1fee6c1"
