# THIS IS AN AUTOGENERATED FILE. DO NOT EDIT THIS FILE DIRECTLY.
# yarn lockfile v1


"@types/express-serve-static-core@*":
  version "4.0.45"
  resolved "https://registry.yarnpkg.com/@types/express-serve-static-core/-/express-serve-static-core-4.0.45.tgz#71bb1f87d7187482d0d8851f5b294458e1c78667"
  dependencies:
    "@types/node" "*"

"@types/express@^4.0.34":
  version "4.0.35"
  resolved "https://registry.yarnpkg.com/@types/express/-/express-4.0.35.tgz#6267c7b60a51fac473467b3c4a02cd1e441805fe"
  dependencies:
    "@types/express-serve-static-core" "*"
    "@types/serve-static" "*"

"@types/mime@*":
  version "0.0.29"
  resolved "https://registry.yarnpkg.com/@types/mime/-/mime-0.0.29.tgz#fbcfd330573b912ef59eeee14602bface630754b"

"@types/node@*", "@types/node@0.0.2":
  version "0.0.2"
  resolved "https://registry.yarnpkg.com/@types/node/-/node-0.0.2.tgz#0da4934902fbf68a97a0f53204a35ad2224917bc"

"@types/serve-static@*":
  version "1.7.31"
  resolved "https://registry.yarnpkg.com/@types/serve-static/-/serve-static-1.7.31.tgz#15456de8d98d6b4cff31be6c6af7492ae63f521a"
  dependencies:
    "@types/express-serve-static-core" "*"
    "@types/mime" "*"

"@types/validator@^5.7.35":
  version "5.7.35"
  resolved "https://registry.yarnpkg.com/@types/validator/-/validator-5.7.35.tgz#2f5708d9e561440302a16a6a4d779eb93ee95e3e"

json-stable-stringify@^1.0.1:
  version "1.0.1"
  resolved "https://registry.yarnpkg.com/json-stable-stringify/-/json-stable-stringify-1.0.1.tgz#9a759d39c5f2ff503fd5300646ed445f88c4f9af"
  dependencies:
    jsonify "~0.0.0"

jsonify@~0.0.0:
  version "0.0.0"
  resolved "https://registry.yarnpkg.com/jsonify/-/jsonify-0.0.0.tgz#2c74b6ee41d93ca51b7b5aaee8f503631d252a73"

ms@^1.0.0:
  version "1.0.0"
  resolved "https://registry.yarnpkg.com/ms/-/ms-1.0.0.tgz#59adcd22edc543f7b5381862d31387b1f4bc9473"

validator@^6.2.1:
  version "6.3.0"
  resolved "https://registry.yarnpkg.com/validator/-/validator-6.3.0.tgz#47ce23ed8d4eaddfa9d4b8ef0071b6cf1078d7c8"
